{
    "_readme": [
        "This file locks the dependencies of your project to a known state",
        "Read more about it at https://getcomposer.org/doc/01-basic-usage.md#installing-dependencies",
        "This file is @generated automatically"
    ],
    "content-hash": "0c66fd5ae646751bdf9e502baeaaa827",
    "packages": [
        {
            "name": "jaybizzle/crawler-detect",
            "version": "v1.2.116",
            "source": {
                "type": "git",
                "url": "https://github.com/JayBizzle/Crawler-Detect.git",
                "reference": "97e9fe30219e60092e107651abb379a38b342921"
            },
            "dist": {
                "type": "zip",
                "url": "https://api.github.com/repos/JayBizzle/Crawler-Detect/zipball/97e9fe30219e60092e107651abb379a38b342921",
                "reference": "97e9fe30219e60092e107651abb379a38b342921",
                "shasum": ""
            },
            "require": {
                "php": ">=5.3.0"
            },
            "require-dev": {
                "phpunit/phpunit": "^4.8|^5.5|^6.5|^9.4"
            },
            "type": "library",
            "autoload": {
                "psr-4": {
                    "Jaybizzle\\CrawlerDetect\\": "src/"
                }
            },
            "notification-url": "https://packagist.org/downloads/",
            "license": [
                "MIT"
            ],
            "authors": [
                {
                    "name": "Mark Beech",
                    "email": "m@rkbee.ch",
                    "role": "Developer"
                }
            ],
            "description": "CrawlerDetect is a PHP class for detecting bots/crawlers/spiders via the user agent",
            "homepage": "https://github.com/JayBizzle/Crawler-Detect/",
            "keywords": [
                "crawler",
                "crawler detect",
                "crawler detector",
                "crawlerdetect",
                "php crawler detect"
            ],
            "support": {
                "issues": "https://github.com/JayBizzle/Crawler-Detect/issues",
                "source": "https://github.com/JayBizzle/Crawler-Detect/tree/v1.2.116"
            },
            "time": "2023-07-21T15:49:49+00:00"
        },
        {
            "name": "jenssegers/agent",
            "version": "v2.6.4",
            "source": {
                "type": "git",
                "url": "https://github.com/jenssegers/agent.git",
                "reference": "daa11c43729510b3700bc34d414664966b03bffe"
            },
            "dist": {
                "type": "zip",
                "url": "https://api.github.com/repos/jenssegers/agent/zipball/daa11c43729510b3700bc34d414664966b03bffe",
                "reference": "daa11c43729510b3700bc34d414664966b03bffe",
                "shasum": ""
            },
            "require": {
                "jaybizzle/crawler-detect": "^1.2",
                "mobiledetect/mobiledetectlib": "^2.7.6",
                "php": ">=5.6"
            },
            "require-dev": {
                "php-coveralls/php-coveralls": "^2.1",
                "phpunit/phpunit": "^5.0|^6.0|^7.0"
            },
            "suggest": {
                "illuminate/support": "Required for laravel service providers"
            },
            "type": "library",
            "extra": {
                "branch-alias": {
                    "dev-master": "3.0-dev"
                },
                "laravel": {
                    "providers": [
                        "Jenssegers\\Agent\\AgentServiceProvider"
                    ],
                    "aliases": {
                        "Agent": "Jenssegers\\Agent\\Facades\\Agent"
                    }
                }
            },
            "autoload": {
                "psr-4": {
                    "Jenssegers\\Agent\\": "src/"
                }
            },
            "notification-url": "https://packagist.org/downloads/",
            "license": [
                "MIT"
            ],
            "authors": [
                {
                    "name": "Jens Segers",
                    "homepage": "https://jenssegers.com"
                }
            ],
            "description": "Desktop/mobile user agent parser with support for Laravel, based on Mobiledetect",
            "homepage": "https://github.com/jenssegers/agent",
            "keywords": [
                "Agent",
                "browser",
                "desktop",
                "laravel",
                "mobile",
                "platform",
                "user agent",
                "useragent"
            ],
            "support": {
                "issues": "https://github.com/jenssegers/agent/issues",
                "source": "https://github.com/jenssegers/agent/tree/v2.6.4"
            },
            "funding": [
                {
                    "url": "https://github.com/jenssegers",
                    "type": "github"
                },
                {
                    "url": "https://tidelift.com/funding/github/packagist/jenssegers/agent",
                    "type": "tidelift"
                }
            ],
            "time": "2020-06-13T08:05:20+00:00"
        },
        {
            "name": "mobiledetect/mobiledetectlib",
            "version": "2.8.x-dev",
            "source": {
                "type": "git",
                "url": "https://github.com/serbanghita/Mobile-Detect.git",
                "reference": "96aaebcf4f50d3d2692ab81d2c5132e425bca266"
            },
            "dist": {
                "type": "zip",
                "url": "https://api.github.com/repos/serbanghita/Mobile-Detect/zipball/96aaebcf4f50d3d2692ab81d2c5132e425bca266",
                "reference": "96aaebcf4f50d3d2692ab81d2c5132e425bca266",
                "shasum": ""
            },
            "require": {
                "php": ">=5.0.0"
            },
            "require-dev": {
                "phpunit/phpunit": "~4.8.36"
            },
            "type": "library",
            "autoload": {
                "psr-0": {
                    "Detection": "namespaced/"
                },
                "classmap": [
                    "Mobile_Detect.php"
                ]
            },
            "notification-url": "https://packagist.org/downloads/",
            "license": [
                "MIT"
            ],
            "authors": [
                {
                    "name": "Serban Ghita",
                    "email": "serbanghita@gmail.com",
                    "homepage": "http://mobiledetect.net",
                    "role": "Developer"
                }
            ],
            "description": "Mobile_Detect is a lightweight PHP class for detecting mobile devices. It uses the User-Agent string combined with specific HTTP headers to detect the mobile environment.",
            "homepage": "https://github.com/serbanghita/Mobile-Detect",
            "keywords": [
                "detect mobile devices",
                "mobile",
                "mobile detect",
                "mobile detector",
                "php mobile detect"
            ],
            "support": {
                "issues": "https://github.com/serbanghita/Mobile-Detect/issues",
                "source": "https://github.com/serbanghita/Mobile-Detect/tree/2.8.45"
            },
            "funding": [
                {
                    "url": "https://github.com/serbanghita",
                    "type": "github"
                }
            ],
            "time": "2023-11-07T21:57:25+00:00"
        }
    ],
    "packages-dev": [],
    "aliases": [],
    "minimum-stability": "dev",
    "stability-flags": [],
    "prefer-stable": false,
    "prefer-lowest": false,
    "platform": {
        "php": "^8.1"
    },
    "platform-dev": [],
    "plugin-api-version": "2.3.0"
}
